
Microsoft Visual Studio Solution File, Format Version 12.00
# Visual Studio Version 17
VisualStudioVersion = 17.9.34622.214
MinimumVisualStudioVersion = 10.0.40219.1
Project("{FAE04EC0-301F-11D3-BF4B-00C04F79EFBC}") = "lettCode", "lettCode.csproj", "{56B8375C-59C9-4901-8A8D-057C9AF60225}"
EndProject
Global
	GlobalSection(SolutionConfigurationPlatforms) = preSolution
		Debug|Any CPU = Debug|Any CPU
		Release|Any CPU = Release|Any CPU
	EndGlobalSection
	GlobalSection(ProjectConfigurationPlatforms) = postSolution
		{56B8375C-59C9-4901-8A8D-057C9AF60225}.Debug|Any CPU.ActiveCfg = Debug|Any CPU
		{56B8375C-59C9-4901-8A8D-057C9AF60225}.Debug|Any CPU.Build.0 = Debug|Any CPU
		{56B8375C-59C9-4901-8A8D-057C9AF60225}.Release|Any CPU.ActiveCfg = Release|Any CPU
		{56B8375C-59C9-4901-8A8D-057C9AF60225}.Release|Any CPU.Build.0 = Release|Any CPU
	EndGlobalSection
	GlobalSection(SolutionProperties) = preSolution
		HideSolutionNode = FALSE
	EndGlobalSection
	GlobalSection(ExtensibilityGlobals) = postSolution
		SolutionGuid = {79F5981B-1C1F-4276-8984-E3A22D1FD362}
	EndGlobalSection
EndGlobal
